
Microsoft Visual Studio Solution File, Format Version 12.00
# Visual Studio Version 16
VisualStudioVersion = 16.0.33328.57
MinimumVisualStudioVersion = 10.0.40219.1
Project("{FAE04EC0-301F-11D3-BF4B-00C04F79EFBC}") = "Rallye", "Rallye\Rallye.csproj", "{D818EEAF-268B-400E-85E7-C12752A0AE94}"
EndProject
Global
	GlobalSection(SolutionConfigurationPlatforms) = preSolution
		Debug|Any CPU = Debug|Any CPU
		Release|Any CPU = Release|Any CPU
	EndGlobalSection
	GlobalSection(ProjectConfigurationPlatforms) = postSolution
		{D818EEAF-268B-400E-85E7-C12752A0AE94}.Debug|Any CPU.ActiveCfg = Debug|Any CPU
		{D818EEAF-268B-400E-85E7-C12752A0AE94}.Debug|Any CPU.Build.0 = Debug|Any CPU
		{D818EEAF-268B-400E-85E7-C12752A0AE94}.Release|Any CPU.ActiveCfg = Release|Any CPU
		{D818EEAF-268B-400E-85E7-C12752A0AE94}.Release|Any CPU.Build.0 = Release|Any CPU
	EndGlobalSection
	GlobalSection(SolutionProperties) = preSolution
		HideSolutionNode = FALSE
	EndGlobalSection
	GlobalSection(ExtensibilityGlobals) = postSolution
		SolutionGuid = {D343971D-0830-45F2-A059-8E687C9800CA}
	EndGlobalSection
EndGlobal
